<?xml version="1.0" encoding="utf-8"?>
<Project ToolsVersion="4.0" xmlns="http://schemas.microsoft.com/developer/msbuild/2003">
  <ItemGroup>
    <ClCompile Include="Source\ComponentMaterial.cpp">
      <Filter>Components</Filter>
    </ClCompile>
    <ClCompile Include="Source\ComponentMesh.cpp">
      <Filter>Components</Filter>
    </ClCompile>
    <ClCompile Include="Source\ComponentTransform.cpp">
      <Filter>Components</Filter>
    </ClCompile>
    <ClCompile Include="Source\Component.cpp">
      <Filter>Components</Filter>
    </ClCompile>
    <ClCompile Include="Source\ComponentCamera.cpp">
      <Filter>Components</Filter>
    </ClCompile>
    <ClCompile Include="Source\ComponentLight.cpp">
      <Filter>Components</Filter>
    </ClCompile>
    <ClCompile Include="Source\DockConfig.cpp">
      <Filter>Docks</Filter>
    </ClCompile>
    <ClCompile Include="Source\DockConsole.cpp">
      <Filter>Docks</Filter>
    </ClCompile>
    <ClCompile Include="Source\DockHierarchy.cpp">
      <Filter>Docks</Filter>
    </ClCompile>
    <ClCompile Include="Source\DockInspector.cpp">
      <Filter>Docks</Filter>
    </ClCompile>
    <ClCompile Include="Source\DockScene.cpp">
      <Filter>Docks</Filter>
    </ClCompile>
    <ClCompile Include="Source\DockTime.cpp">
      <Filter>Docks</Filter>
    </ClCompile>
    <ClCompile Include="Source\Dock.cpp">
      <Filter>Docks</Filter>
    </ClCompile>
    <ClCompile Include="Source\DockAbout.cpp">
      <Filter>Docks</Filter>
    </ClCompile>
    <ClCompile Include="Source\DockCamera.cpp">
      <Filter>Docks</Filter>
    </ClCompile>
    <ClCompile Include="Source\GameObject.cpp">
      <Filter>GameObject</Filter>
    </ClCompile>
    <ClCompile Include="Source\Application.cpp">
      <Filter>Main</Filter>
    </ClCompile>
    <ClCompile Include="Source\Main.cpp">
      <Filter>Main</Filter>
    </ClCompile>
    <ClCompile Include="Source\ModuleProgram.cpp">
      <Filter>Modules</Filter>
    </ClCompile>
    <ClCompile Include="Source\ModuleRender.cpp">
      <Filter>Modules</Filter>
    </ClCompile>
    <ClCompile Include="Source\ModuleScene.cpp">
      <Filter>Modules</Filter>
    </ClCompile>
    <ClCompile Include="Source\ModuleSceneLoader.cpp">
      <Filter>Modules</Filter>
    </ClCompile>
    <ClCompile Include="Source\ModuleTextures.cpp">
      <Filter>Modules</Filter>
    </ClCompile>
    <ClCompile Include="Source\ModuleTime.cpp">
      <Filter>Modules</Filter>
    </ClCompile>
    <ClCompile Include="Source\ModuleWindow.cpp">
      <Filter>Modules</Filter>
    </ClCompile>
    <ClCompile Include="Source\ModuleCamera.cpp">
      <Filter>Modules</Filter>
    </ClCompile>
    <ClCompile Include="Source\ModuleDebugDraw.cpp">
      <Filter>Modules</Filter>
    </ClCompile>
    <ClCompile Include="Source\ModuleEditor.cpp">
      <Filter>Modules</Filter>
    </ClCompile>
    <ClCompile Include="Source\ModuleInput.cpp">
      <Filter>Modules</Filter>
    </ClCompile>
    <ClCompile Include="Source\IMGUI\imgui_impl_opengl3.cpp">
      <Filter>Utils\ImgUi</Filter>
    </ClCompile>
    <ClCompile Include="Source\IMGUI\imgui_impl_sdl.cpp">
      <Filter>Utils\ImgUi</Filter>
    </ClCompile>
    <ClCompile Include="Source\IMGUI\imgui_widgets.cpp">
      <Filter>Utils\ImgUi</Filter>
    </ClCompile>
    <ClCompile Include="Source\IMGUI\imgui.cpp">
      <Filter>Utils\ImgUi</Filter>
    </ClCompile>
    <ClCompile Include="Source\IMGUI\imgui_demo.cpp">
      <Filter>Utils\ImgUi</Filter>
    </ClCompile>
    <ClCompile Include="Source\IMGUI\imgui_draw.cpp">
      <Filter>Utils\ImgUi</Filter>
    </ClCompile>
    <ClCompile Include="Source\MathGeoLib\include\Geometry\AABB.cpp">
      <Filter>Utils\MathGeoLib</Filter>
    </ClCompile>
    <ClCompile Include="Source\MathGeoLib\include\Geometry\Capsule.cpp">
      <Filter>Utils\MathGeoLib</Filter>
    </ClCompile>
    <ClCompile Include="Source\MathGeoLib\include\Geometry\Circle.cpp">
      <Filter>Utils\MathGeoLib</Filter>
    </ClCompile>
    <ClCompile Include="Source\MathGeoLib\include\Geometry\Cone.cpp">
      <Filter>Utils\MathGeoLib</Filter>
    </ClCompile>
    <ClCompile Include="Source\MathGeoLib\include\Geometry\Cylinder.cpp">
      <Filter>Utils\MathGeoLib</Filter>
    </ClCompile>
    <ClCompile Include="Source\MathGeoLib\include\Geometry\Frustum.cpp">
      <Filter>Utils\MathGeoLib</Filter>
    </ClCompile>
    <ClCompile Include="Source\MathGeoLib\include\Geometry\Line.cpp">
      <Filter>Utils\MathGeoLib</Filter>
    </ClCompile>
    <ClCompile Include="Source\MathGeoLib\include\Geometry\LineSegment.cpp">
      <Filter>Utils\MathGeoLib</Filter>
    </ClCompile>
    <ClCompile Include="Source\MathGeoLib\include\Geometry\OBB.cpp">
      <Filter>Utils\MathGeoLib</Filter>
    </ClCompile>
    <ClCompile Include="Source\MathGeoLib\include\Geometry\Plane.cpp">
      <Filter>Utils\MathGeoLib</Filter>
    </ClCompile>
    <ClCompile Include="Source\MathGeoLib\include\Geometry\Polygon.cpp">
      <Filter>Utils\MathGeoLib</Filter>
    </ClCompile>
    <ClCompile Include="Source\MathGeoLib\include\Geometry\Polyhedron.cpp">
      <Filter>Utils\MathGeoLib</Filter>
    </ClCompile>
    <ClCompile Include="Source\MathGeoLib\include\Geometry\Ray.cpp">
      <Filter>Utils\MathGeoLib</Filter>
    </ClCompile>
    <ClCompile Include="Source\MathGeoLib\include\Geometry\Sphere.cpp">
      <Filter>Utils\MathGeoLib</Filter>
    </ClCompile>
    <ClCompile Include="Source\MathGeoLib\include\Geometry\Triangle.cpp">
      <Filter>Utils\MathGeoLib</Filter>
    </ClCompile>
    <ClCompile Include="Source\MathGeoLib\include\Geometry\TriangleMesh.cpp">
      <Filter>Utils\MathGeoLib</Filter>
    </ClCompile>
    <ClCompile Include="Source\MathGeoLib\include\Math\BitOps.cpp">
      <Filter>Utils\MathGeoLib</Filter>
    </ClCompile>
    <ClCompile Include="Source\MathGeoLib\include\Math\float2.cpp">
      <Filter>Utils\MathGeoLib</Filter>
    </ClCompile>
    <ClCompile Include="Source\MathGeoLib\include\Math\float3.cpp">
      <Filter>Utils\MathGeoLib</Filter>
    </ClCompile>
    <ClCompile Include="Source\MathGeoLib\include\Math\float3x3.cpp">
      <Filter>Utils\MathGeoLib</Filter>
    </ClCompile>
    <ClCompile Include="Source\MathGeoLib\include\Math\float3x4.cpp">
      <Filter>Utils\MathGeoLib</Filter>
    </ClCompile>
    <ClCompile Include="Source\MathGeoLib\include\Math\float4.cpp">
      <Filter>Utils\MathGeoLib</Filter>
    </ClCompile>
    <ClCompile Include="Source\MathGeoLib\include\Math\float4x4.cpp">
      <Filter>Utils\MathGeoLib</Filter>
    </ClCompile>
    <ClCompile Include="Source\MathGeoLib\include\Math\MathFunc.cpp">
      <Filter>Utils\MathGeoLib</Filter>
    </ClCompile>
    <ClCompile Include="Source\MathGeoLib\include\Math\MathLog.cpp">
      <Filter>Utils\MathGeoLib</Filter>
    </ClCompile>
    <ClCompile Include="Source\MathGeoLib\include\Math\MathOps.cpp">
      <Filter>Utils\MathGeoLib</Filter>
    </ClCompile>
    <ClCompile Include="Source\MathGeoLib\include\Math\Polynomial.cpp">
      <Filter>Utils\MathGeoLib</Filter>
    </ClCompile>
    <ClCompile Include="Source\MathGeoLib\include\Math\Quat.cpp">
      <Filter>Utils\MathGeoLib</Filter>
    </ClCompile>
    <ClCompile Include="Source\MathGeoLib\include\Math\SSEMath.cpp">
      <Filter>Utils\MathGeoLib</Filter>
    </ClCompile>
    <ClCompile Include="Source\MathGeoLib\include\Math\TransformOps.cpp">
      <Filter>Utils\MathGeoLib</Filter>
    </ClCompile>
    <ClCompile Include="Source\MathGeoLib\include\Time\Clock.cpp">
      <Filter>Utils\MathGeoLib</Filter>
    </ClCompile>
    <ClCompile Include="Source\MathGeoLib\include\Algorithm\Random\LCG.cpp">
      <Filter>Utils\MathGeoLib</Filter>
    </ClCompile>
    <ClCompile Include="Source\mmgr\mmgr.cpp">
      <Filter>Utils\mmgr</Filter>
    </ClCompile>
    <ClCompile Include="Source\Crossguid\guid.cpp">
      <Filter>Utils\Uuid</Filter>
    </ClCompile>
    <ClCompile Include="Source\log.cpp">
      <Filter>Utils</Filter>
    </ClCompile>
    <ClCompile Include="Source\DockLight.cpp">
      <Filter>Docks</Filter>
    </ClCompile>
    <ClCompile Include="Source\ModuleFileSystem.cpp">
      <Filter>Modules</Filter>
    </ClCompile>
    <ClCompile Include="Source\MaterialImporter.cpp">
      <Filter>Utils\Importers</Filter>
    </ClCompile>
  </ItemGroup>
  <ItemGroup>
    <ClInclude Include="Source\ComponentMaterial.h">
      <Filter>Components</Filter>
    </ClInclude>
    <ClInclude Include="Source\ComponentMesh.h">
      <Filter>Components</Filter>
    </ClInclude>
    <ClInclude Include="Source\ComponentTransform.h">
      <Filter>Components</Filter>
    </ClInclude>
    <ClInclude Include="Source\Component.h">
      <Filter>Components</Filter>
    </ClInclude>
    <ClInclude Include="Source\ComponentCamera.h">
      <Filter>Components</Filter>
    </ClInclude>
    <ClInclude Include="Source\ComponentLight.h">
      <Filter>Components</Filter>
    </ClInclude>
    <ClInclude Include="Source\DockConfig.h">
      <Filter>Docks</Filter>
    </ClInclude>
    <ClInclude Include="Source\DockConsole.h">
      <Filter>Docks</Filter>
    </ClInclude>
    <ClInclude Include="Source\DockHierarchy.h">
      <Filter>Docks</Filter>
    </ClInclude>
    <ClInclude Include="Source\DockInspector.h">
      <Filter>Docks</Filter>
    </ClInclude>
    <ClInclude Include="Source\DockScene.h">
      <Filter>Docks</Filter>
    </ClInclude>
    <ClInclude Include="Source\DockTime.h">
      <Filter>Docks</Filter>
    </ClInclude>
    <ClInclude Include="Source\Dock.h">
      <Filter>Docks</Filter>
    </ClInclude>
    <ClInclude Include="Source\DockAbout.h">
      <Filter>Docks</Filter>
    </ClInclude>
    <ClInclude Include="Source\DockCamera.h">
      <Filter>Docks</Filter>
    </ClInclude>
    <ClInclude Include="Source\GameObject.h">
      <Filter>GameObject</Filter>
    </ClInclude>
    <ClInclude Include="Source\Application.h">
      <Filter>Main</Filter>
    </ClInclude>
    <ClInclude Include="Source\ModuleProgram.h">
      <Filter>Modules</Filter>
    </ClInclude>
    <ClInclude Include="Source\ModuleRender.h">
      <Filter>Modules</Filter>
    </ClInclude>
    <ClInclude Include="Source\ModuleScene.h">
      <Filter>Modules</Filter>
    </ClInclude>
    <ClInclude Include="Source\ModuleSceneLoader.h">
      <Filter>Modules</Filter>
    </ClInclude>
    <ClInclude Include="Source\ModuleTextures.h">
      <Filter>Modules</Filter>
    </ClInclude>
    <ClInclude Include="Source\ModuleTime.h">
      <Filter>Modules</Filter>
    </ClInclude>
    <ClInclude Include="Source\ModuleWindow.h">
      <Filter>Modules</Filter>
    </ClInclude>
    <ClInclude Include="Source\Module.h">
      <Filter>Modules</Filter>
    </ClInclude>
    <ClInclude Include="Source\ModuleCamera.h">
      <Filter>Modules</Filter>
    </ClInclude>
    <ClInclude Include="Source\ModuleDebugDraw.h">
      <Filter>Modules</Filter>
    </ClInclude>
    <ClInclude Include="Source\ModuleEditor.h">
      <Filter>Modules</Filter>
    </ClInclude>
    <ClInclude Include="Source\ModuleInput.h">
      <Filter>Modules</Filter>
    </ClInclude>
    <ClInclude Include="Source\par_shapes.h">
      <Filter>Utils\DebugDraw</Filter>
    </ClInclude>
    <ClInclude Include="Source\debugdraw.h">
      <Filter>Utils\DebugDraw</Filter>
    </ClInclude>
    <ClInclude Include="Source\MathGeoLib\include\Geometry\AABB.h">
      <Filter>Utils\MathGeoLib</Filter>
    </ClInclude>
    <ClInclude Include="Source\MathGeoLib\include\Geometry\AABB2D.h">
      <Filter>Utils\MathGeoLib</Filter>
    </ClInclude>
    <ClInclude Include="Source\MathGeoLib\include\Geometry\Capsule.h">
      <Filter>Utils\MathGeoLib</Filter>
    </ClInclude>
    <ClInclude Include="Source\MathGeoLib\include\Geometry\Circle.h">
      <Filter>Utils\MathGeoLib</Filter>
    </ClInclude>
    <ClInclude Include="Source\MathGeoLib\include\Geometry\Cone.h">
      <Filter>Utils\MathGeoLib</Filter>
    </ClInclude>
    <ClInclude Include="Source\MathGeoLib\include\Geometry\Cylinder.h">
      <Filter>Utils\MathGeoLib</Filter>
    </ClInclude>
    <ClInclude Include="Source\MathGeoLib\include\Geometry\Frustum.h">
      <Filter>Utils\MathGeoLib</Filter>
    </ClInclude>
    <ClInclude Include="Source\MathGeoLib\include\Geometry\GeometryAll.h">
      <Filter>Utils\MathGeoLib</Filter>
    </ClInclude>
    <ClInclude Include="Source\MathGeoLib\include\Geometry\GeomType.h">
      <Filter>Utils\MathGeoLib</Filter>
    </ClInclude>
    <ClInclude Include="Source\MathGeoLib\include\Geometry\HitInfo.h">
      <Filter>Utils\MathGeoLib</Filter>
    </ClInclude>
    <ClInclude Include="Source\MathGeoLib\include\Geometry\KDTree.h">
      <Filter>Utils\MathGeoLib</Filter>
    </ClInclude>
    <ClInclude Include="Source\MathGeoLib\include\Geometry\Line.h">
      <Filter>Utils\MathGeoLib</Filter>
    </ClInclude>
    <ClInclude Include="Source\MathGeoLib\include\Geometry\LineSegment.h">
      <Filter>Utils\MathGeoLib</Filter>
    </ClInclude>
    <ClInclude Include="Source\MathGeoLib\include\Geometry\OBB.h">
      <Filter>Utils\MathGeoLib</Filter>
    </ClInclude>
    <ClInclude Include="Source\MathGeoLib\include\Geometry\PBVolume.h">
      <Filter>Utils\MathGeoLib</Filter>
    </ClInclude>
    <ClInclude Include="Source\MathGeoLib\include\Geometry\Plane.h">
      <Filter>Utils\MathGeoLib</Filter>
    </ClInclude>
    <ClInclude Include="Source\MathGeoLib\include\Geometry\Polygon.h">
      <Filter>Utils\MathGeoLib</Filter>
    </ClInclude>
    <ClInclude Include="Source\MathGeoLib\include\Geometry\Polyhedron.h">
      <Filter>Utils\MathGeoLib</Filter>
    </ClInclude>
    <ClInclude Include="Source\MathGeoLib\include\Geometry\QuadTree.h">
      <Filter>Utils\MathGeoLib</Filter>
    </ClInclude>
    <ClInclude Include="Source\MathGeoLib\include\Geometry\Ray.h">
      <Filter>Utils\MathGeoLib</Filter>
    </ClInclude>
    <ClInclude Include="Source\MathGeoLib\include\Geometry\Sphere.h">
      <Filter>Utils\MathGeoLib</Filter>
    </ClInclude>
    <ClInclude Include="Source\MathGeoLib\include\Geometry\Triangle.h">
      <Filter>Utils\MathGeoLib</Filter>
    </ClInclude>
    <ClInclude Include="Source\MathGeoLib\include\Geometry\TriangleMesh.h">
      <Filter>Utils\MathGeoLib</Filter>
    </ClInclude>
    <ClInclude Include="Source\MathGeoLib\include\Math\assume.h">
      <Filter>Utils\MathGeoLib</Filter>
    </ClInclude>
    <ClInclude Include="Source\MathGeoLib\include\Math\BitOps.h">
      <Filter>Utils\MathGeoLib</Filter>
    </ClInclude>
    <ClInclude Include="Source\MathGeoLib\include\Math\Complex.h">
      <Filter>Utils\MathGeoLib</Filter>
    </ClInclude>
    <ClInclude Include="Source\MathGeoLib\include\Math\CoordinateAxisConvention.h">
      <Filter>Utils\MathGeoLib</Filter>
    </ClInclude>
    <ClInclude Include="Source\MathGeoLib\include\Math\FixedPoint.h">
      <Filter>Utils\MathGeoLib</Filter>
    </ClInclude>
    <ClInclude Include="Source\MathGeoLib\include\Math\float2.h">
      <Filter>Utils\MathGeoLib</Filter>
    </ClInclude>
    <ClInclude Include="Source\MathGeoLib\include\Math\float3.h">
      <Filter>Utils\MathGeoLib</Filter>
    </ClInclude>
    <ClInclude Include="Source\MathGeoLib\include\Math\float3x3.h">
      <Filter>Utils\MathGeoLib</Filter>
    </ClInclude>
    <ClInclude Include="Source\MathGeoLib\include\Math\float3x4.h">
      <Filter>Utils\MathGeoLib</Filter>
    </ClInclude>
    <ClInclude Include="Source\MathGeoLib\include\Math\float4.h">
      <Filter>Utils\MathGeoLib</Filter>
    </ClInclude>
    <ClInclude Include="Source\MathGeoLib\include\Math\float4x4.h">
      <Filter>Utils\MathGeoLib</Filter>
    </ClInclude>
    <ClInclude Include="Source\MathGeoLib\include\Math\float4x4_neon.h">
      <Filter>Utils\MathGeoLib</Filter>
    </ClInclude>
    <ClInclude Include="Source\MathGeoLib\include\Math\float4x4_sse.h">
      <Filter>Utils\MathGeoLib</Filter>
    </ClInclude>
    <ClInclude Include="Source\MathGeoLib\include\Math\float4_neon.h">
      <Filter>Utils\MathGeoLib</Filter>
    </ClInclude>
    <ClInclude Include="Source\MathGeoLib\include\Math\float4_sse.h">
      <Filter>Utils\MathGeoLib</Filter>
    </ClInclude>
    <ClInclude Include="Source\MathGeoLib\include\Math\FloatCmp.h">
      <Filter>Utils\MathGeoLib</Filter>
    </ClInclude>
    <ClInclude Include="Source\MathGeoLib\include\Math\MathAll.h">
      <Filter>Utils\MathGeoLib</Filter>
    </ClInclude>
    <ClInclude Include="Source\MathGeoLib\include\Math\MathConstants.h">
      <Filter>Utils\MathGeoLib</Filter>
    </ClInclude>
    <ClInclude Include="Source\MathGeoLib\include\Math\MathFunc.h">
      <Filter>Utils\MathGeoLib</Filter>
    </ClInclude>
    <ClInclude Include="Source\MathGeoLib\include\Math\MathLog.h">
      <Filter>Utils\MathGeoLib</Filter>
    </ClInclude>
    <ClInclude Include="Source\MathGeoLib\include\Math\MathNamespace.h">
      <Filter>Utils\MathGeoLib</Filter>
    </ClInclude>
    <ClInclude Include="Source\MathGeoLib\include\Math\MathTypes.h">
      <Filter>Utils\MathGeoLib</Filter>
    </ClInclude>
    <ClInclude Include="Source\MathGeoLib\include\Math\MatrixProxy.h">
      <Filter>Utils\MathGeoLib</Filter>
    </ClInclude>
    <ClInclude Include="Source\MathGeoLib\include\Math\myassert.h">
      <Filter>Utils\MathGeoLib</Filter>
    </ClInclude>
    <ClInclude Include="Source\MathGeoLib\include\Math\Polynomial.h">
      <Filter>Utils\MathGeoLib</Filter>
    </ClInclude>
    <ClInclude Include="Source\MathGeoLib\include\Math\Quat.h">
      <Filter>Utils\MathGeoLib</Filter>
    </ClInclude>
    <ClInclude Include="Source\MathGeoLib\include\Math\quat_simd.h">
      <Filter>Utils\MathGeoLib</Filter>
    </ClInclude>
    <ClInclude Include="Source\MathGeoLib\include\Math\Rect.h">
      <Filter>Utils\MathGeoLib</Filter>
    </ClInclude>
    <ClInclude Include="Source\MathGeoLib\include\Math\Reinterpret.h">
      <Filter>Utils\MathGeoLib</Filter>
    </ClInclude>
    <ClInclude Include="Source\MathGeoLib\include\Math\SSEMath.h">
      <Filter>Utils\MathGeoLib</Filter>
    </ClInclude>
    <ClInclude Include="Source\MathGeoLib\include\Math\sse_mathfun.h">
      <Filter>Utils\MathGeoLib</Filter>
    </ClInclude>
    <ClInclude Include="Source\MathGeoLib\include\Math\TransformOps.h">
      <Filter>Utils\MathGeoLib</Filter>
    </ClInclude>
    <ClInclude Include="Source\MathGeoLib\include\Time\Clock.h">
      <Filter>Utils\MathGeoLib</Filter>
    </ClInclude>
    <ClInclude Include="Source\MathGeoLib\include\Algorithm\Random\LCG.h">
      <Filter>Utils\MathGeoLib</Filter>
    </ClInclude>
    <ClInclude Include="Source\mmgr\mmgr.h">
      <Filter>Utils\mmgr</Filter>
    </ClInclude>
    <ClInclude Include="Source\mmgr\nommgr.h">
      <Filter>Utils\mmgr</Filter>
    </ClInclude>
    <ClInclude Include="Source\Crossguid\crossguid\guid.hpp">
      <Filter>Utils\Uuid</Filter>
    </ClInclude>
    <ClInclude Include="Source\Globals.h">
      <Filter>Utils</Filter>
    </ClInclude>
    <ClInclude Include="Source\Timer.h">
      <Filter>Utils</Filter>
    </ClInclude>
    <ClInclude Include="Source\Point.h">
      <Filter>Utils</Filter>
    </ClInclude>
    <ClInclude Include="Source\DockLight.h">
      <Filter>Docks</Filter>
    </ClInclude>
    <ClInclude Include="Source\ModuleFileSystem.h">
      <Filter>Modules</Filter>
    </ClInclude>
    <ClInclude Include="Source\MaterialImporter.h">
      <Filter>Utils\Importers</Filter>
    </ClInclude>
  </ItemGroup>
  <ItemGroup>
    <Filter Include="Main">
      <UniqueIdentifier>{c7205705-becf-4436-a37b-c020ede46478}</UniqueIdentifier>
    </Filter>
    <Filter Include="Modules">
      <UniqueIdentifier>{52306c44-b5b8-4038-954e-fbb630c149ef}</UniqueIdentifier>
    </Filter>
    <Filter Include="Utils">
      <UniqueIdentifier>{c33bf54a-6609-47fa-b804-cb8f13b7f556}</UniqueIdentifier>
    </Filter>
    <Filter Include="Utils\ImgUi">
      <UniqueIdentifier>{054ba271-c24c-4950-931a-36af0608bd19}</UniqueIdentifier>
    </Filter>
    <Filter Include="Utils\Shaders">
      <UniqueIdentifier>{5c71df1d-1bbc-45f5-a292-79b5cbb5e0ce}</UniqueIdentifier>
    </Filter>
    <Filter Include="Utils\MathGeoLib">
      <UniqueIdentifier>{ed557ccb-2b8e-4b37-997f-cfc0bd7b9377}</UniqueIdentifier>
    </Filter>
    <Filter Include="Docks">
      <UniqueIdentifier>{52fb40a9-dfcc-40c6-8bfe-1cbd33ca9118}</UniqueIdentifier>
    </Filter>
    <Filter Include="Utils\mmgr">
      <UniqueIdentifier>{bd63b3a5-a3ba-47b7-850a-3e1a71685fcb}</UniqueIdentifier>
    </Filter>
    <Filter Include="Components">
      <UniqueIdentifier>{2ee2a73a-ae0f-445f-93cb-59309d4ed58b}</UniqueIdentifier>
    </Filter>
    <Filter Include="Utils\Uuid">
      <UniqueIdentifier>{68d6e8f5-73aa-46d0-8a48-d49f2afdb6cf}</UniqueIdentifier>
    </Filter>
    <Filter Include="GameObject">
      <UniqueIdentifier>{9dd4ad34-b8b3-48bb-9194-efa97c36bb87}</UniqueIdentifier>
    </Filter>
    <Filter Include="Utils\DebugDraw">
      <UniqueIdentifier>{e601ccb2-a421-4c4d-b3b0-345d5f013111}</UniqueIdentifier>
    </Filter>
    <Filter Include="Utils\Importers">
      <UniqueIdentifier>{8f78d95d-9e8d-4044-a5a5-76f6922419f2}</UniqueIdentifier>
    </Filter>
  </ItemGroup>
  <ItemGroup>
    <None Include="Source\MathGeoLib\include\Geometry\KDTree.inl">
      <Filter>Utils\MathGeoLib</Filter>
    </None>
    <None Include="Source\MathGeoLib\include\Geometry\QuadTree.inl">
      <Filter>Utils\MathGeoLib</Filter>
    </None>
    <None Include="Game\Shaders\texture.fs">
      <Filter>Utils\Shaders</Filter>
    </None>
    <None Include="Game\Shaders\texture.vs">
      <Filter>Utils\Shaders</Filter>
    </None>
    <None Include="Game\Shaders\default.fs">
      <Filter>Utils\Shaders</Filter>
    </None>
    <None Include="Game\Shaders\default.vs">
      <Filter>Utils\Shaders</Filter>
    </None>
    <None Include="Game\Shaders\blinn.vs">
      <Filter>Utils\Shaders</Filter>
    </None>
    <None Include="Game\Shaders\blinn.fs">
      <Filter>Utils\Shaders</Filter>
    </None>
  </ItemGroup>
</Project>